
Microsoft Visual Studio Solution File, Format Version 12.00
# Visual Studio Version 17
VisualStudioVersion = 17.14.36119.2
MinimumVisualStudioVersion = 10.0.40219.1
Project("{FAE04EC0-301F-11D3-BF4B-00C04F79EFBC}") = "OutOfSorts", "OutOfSorts\OutOfSorts.csproj", "{F656066A-36BD-4286-9B35-6BB43309AE7C}"
EndProject
Global
	GlobalSection(SolutionConfigurationPlatforms) = preSolution
		Debug|Any CPU = Debug|Any CPU
		Release|Any CPU = Release|Any CPU
	EndGlobalSection
	GlobalSection(ProjectConfigurationPlatforms) = postSolution
		{F656066A-36BD-4286-9B35-6BB43309AE7C}.Debug|Any CPU.ActiveCfg = Debug|Any CPU
		{F656066A-36BD-4286-9B35-6BB43309AE7C}.Debug|Any CPU.Build.0 = Debug|Any CPU
		{F656066A-36BD-4286-9B35-6BB43309AE7C}.Release|Any CPU.ActiveCfg = Release|Any CPU
		{F656066A-36BD-4286-9B35-6BB43309AE7C}.Release|Any CPU.Build.0 = Release|Any CPU
	EndGlobalSection
	GlobalSection(SolutionProperties) = preSolution
		HideSolutionNode = FALSE
	EndGlobalSection
	GlobalSection(ExtensibilityGlobals) = postSolution
		SolutionGuid = {E86716A7-DF56-4E22-A8F6-7A3CBFA01463}
	EndGlobalSection
EndGlobal
